
Microsoft Visual Studio Solution File, Format Version 12.00
# Visual Studio Version 17
VisualStudioVersion = 17.7.34202.233
MinimumVisualStudioVersion = 10.0.40219.1
Project("{FAE04EC0-301F-11D3-BF4B-00C04F79EFBC}") = "BarcodeReaer", "BarcodeReaer\BarcodeReaer.csproj", "{EF79FD78-84F5-4129-AED9-4691046F87FD}"
EndProject
Global
	GlobalSection(SolutionConfigurationPlatforms) = preSolution
		Debug|Any CPU = Debug|Any CPU
		Release|Any CPU = Release|Any CPU
	EndGlobalSection
	GlobalSection(ProjectConfigurationPlatforms) = postSolution
		{EF79FD78-84F5-4129-AED9-4691046F87FD}.Debug|Any CPU.ActiveCfg = Debug|Any CPU
		{EF79FD78-84F5-4129-AED9-4691046F87FD}.Debug|Any CPU.Build.0 = Debug|Any CPU
		{EF79FD78-84F5-4129-AED9-4691046F87FD}.Release|Any CPU.ActiveCfg = Release|Any CPU
		{EF79FD78-84F5-4129-AED9-4691046F87FD}.Release|Any CPU.Build.0 = Release|Any CPU
	EndGlobalSection
	GlobalSection(SolutionProperties) = preSolution
		HideSolutionNode = FALSE
	EndGlobalSection
	GlobalSection(ExtensibilityGlobals) = postSolution
		SolutionGuid = {82D561C9-857A-4F14-89EA-97A356D105CD}
	EndGlobalSection
EndGlobal
